{
  "nodes": {
    "alejandra": {
      "inputs": {
        "fenix": "fenix",
        "flakeCompat": "flakeCompat",
        "nixpkgs": "nixpkgs"
      },
      "locked": {
        "lastModified": 1751513446,
        "narHash": "sha256-pnRh5ysSgMSOQxvL82sNJRwD/CiSYWplrGRU2WLoNKQ=",
        "owner": "kamadorueda",
        "repo": "alejandra",
        "rev": "c68bef57c1db3add865493d9cb741a14618bdc28",
        "type": "github"
      },
      "original": {
        "owner": "kamadorueda",
        "repo": "alejandra",
        "type": "github"
      }
    },
    "fenix": {
      "inputs": {
        "nixpkgs": [
          "alejandra",
          "nixpkgs"
        ],
        "rust-analyzer-src": "rust-analyzer-src"
      },
      "locked": {
        "lastModified": 1730615655,
        "narHash": "sha256-2HBR3zLn57LXKNRtxBb+O+uDqHM4n0pz51rPayMl4cg=",
        "owner": "nix-community",
        "repo": "fenix",
        "rev": "efeb50e2535b17ffd4a135e6e3e5fd60a525180c",
        "type": "github"
      },
      "original": {
        "owner": "nix-community",
        "repo": "fenix",
        "type": "github"
      }
    },
    "flake-parts": {
      "inputs": {
        "nixpkgs-lib": [
          "nixvim",
          "nixpkgs"
        ]
      },
      "locked": {
        "lastModified": 1765835352,
        "narHash": "sha256-XswHlK/Qtjasvhd1nOa1e8MgZ8GS//jBoTqWtrS1Giw=",
        "owner": "hercules-ci",
        "repo": "flake-parts",
        "rev": "a34fae9c08a15ad73f295041fec82323541400a9",
        "type": "github"
      },
      "original": {
        "owner": "hercules-ci",
        "repo": "flake-parts",
        "type": "github"
      }
    },
    "flakeCompat": {
      "flake": false,
      "locked": {
        "lastModified": 1696426674,
        "narHash": "sha256-kvjfFW7WAETZlt09AgDn1MrtKzP7t90Vf7vypd3OL1U=",
        "owner": "edolstra",
        "repo": "flake-compat",
        "rev": "0f9255e01c2351cc7d116c072cb317785dd33b33",
        "type": "github"
      },
      "original": {
        "owner": "edolstra",
        "repo": "flake-compat",
        "type": "github"
      }
    },
    "home-manager": {
      "inputs": {
        "nixpkgs": [
          "nixpkgs"
        ]
      },
      "locked": {
        "lastModified": 1767280655,
        "narHash": "sha256-YmaYMduV5ko8zURUT1VLGDbVC1L/bxHS0NsiPoZ6bBM=",
        "owner": "nix-community",
        "repo": "home-manager",
        "rev": "d49d2543f02dbd789ed032188c84570d929223cb",
        "type": "github"
      },
      "original": {
        "owner": "nix-community",
        "ref": "release-25.11",
        "repo": "home-manager",
        "type": "github"
      }
    },
    "nixpkgs": {
      "locked": {
        "lastModified": 1730642263,
        "narHash": "sha256-UXqvGZOHUDeAo8Sv5A5oObiQgBPELVgHQi130TU0jMU=",
        "owner": "nixos",
        "repo": "nixpkgs",
        "rev": "650fe87347086b30a6dbcc32b55987ce5a23c6ae",
        "type": "github"
      },
      "original": {
        "owner": "nixos",
        "ref": "nixos-unstable-small",
        "repo": "nixpkgs",
        "type": "github"
      }
    },
    "nixpkgs-unstable": {
      "locked": {
        "lastModified": 1767379071,
        "narHash": "sha256-EgE0pxsrW9jp9YFMkHL9JMXxcqi/OoumPJYwf+Okucw=",
        "owner": "NixOS",
        "repo": "nixpkgs",
        "rev": "fb7944c166a3b630f177938e478f0378e64ce108",
        "type": "github"
      },
      "original": {
        "id": "nixpkgs",
        "ref": "nixos-unstable",
        "type": "indirect"
      }
    },
    "nixpkgs_2": {
      "locked": {
        "lastModified": 1767480499,
        "narHash": "sha256-8IQQUorUGiSmFaPnLSo2+T+rjHtiNWc+OAzeHck7N48=",
        "owner": "nixos",
        "repo": "nixpkgs",
        "rev": "30a3c519afcf3f99e2c6df3b359aec5692054d92",
        "type": "github"
      },
      "original": {
        "owner": "nixos",
        "ref": "release-25.11",
        "repo": "nixpkgs",
        "type": "github"
      }
    },
    "nixpkgs_3": {
      "locked": {
        "lastModified": 1767026758,
        "narHash": "sha256-7fsac/f7nh/VaKJ/qm3I338+wAJa/3J57cOGpXi0Sbg=",
        "owner": "NixOS",
        "repo": "nixpkgs",
        "rev": "346dd96ad74dc4457a9db9de4f4f57dab2e5731d",
        "type": "github"
      },
      "original": {
        "owner": "NixOS",
        "ref": "nixpkgs-unstable",
        "repo": "nixpkgs",
        "type": "github"
      }
    },
    "nixvim": {
      "inputs": {
        "flake-parts": "flake-parts",
        "nixpkgs": "nixpkgs_3",
        "systems": "systems"
      },
      "locked": {
        "lastModified": 1767361654,
        "narHash": "sha256-EQeicMekc0p+A8HBIAOdnyeAijqJKQYuj1CfTW4Wd+k=",
        "owner": "nix-community",
        "repo": "nixvim",
        "rev": "d61584cc4cac9af1ba74ad235992df575391276d",
        "type": "github"
      },
      "original": {
        "owner": "nix-community",
        "repo": "nixvim",
        "type": "github"
      }
    },
    "noctalia": {
      "inputs": {
        "nixpkgs": [
          "nixpkgs"
        ]
      },
      "locked": {
        "lastModified": 1767479556,
        "narHash": "sha256-Z9TU0P8RcQl4OdtCGBmQ8dyfqmsnQi5Q2Yh/RQ9/NPQ=",
        "owner": "noctalia-dev",
        "repo": "noctalia-shell",
        "rev": "c015e8445b3147abdc1b917c16c3275c93697f99",
        "type": "github"
      },
      "original": {
        "owner": "noctalia-dev",
        "repo": "noctalia-shell",
        "type": "github"
      }
    },
    "root": {
      "inputs": {
        "alejandra": "alejandra",
        "home-manager": "home-manager",
        "nixpkgs": "nixpkgs_2",
        "nixpkgs-unstable": "nixpkgs-unstable",
        "nixvim": "nixvim",
        "noctalia": "noctalia"
      }
    },
    "rust-analyzer-src": {
      "flake": false,
      "locked": {
        "lastModified": 1730555913,
        "narHash": "sha256-KNHZUlqsEibg3YtfUyOFQSofP8hp1HKoY+laoesBxRM=",
        "owner": "rust-lang",
        "repo": "rust-analyzer",
        "rev": "f17a5bbfd0969ba2e63a74505a80e55ecb174ed9",
        "type": "github"
      },
      "original": {
        "owner": "rust-lang",
        "ref": "nightly",
        "repo": "rust-analyzer",
        "type": "github"
      }
    },
    "systems": {
      "locked": {
        "lastModified": 1681028828,
        "narHash": "sha256-Vy1rq5AaRuLzOxct8nz4T6wlgyUR7zLU309k9mBC768=",
        "owner": "nix-systems",
        "repo": "default",
        "rev": "da67096a3b9bf56a91d16901293e51ba5b49a27e",
        "type": "github"
      },
      "original": {
        "owner": "nix-systems",
        "repo": "default",
        "type": "github"
      }
    }
  },
  "root": "root",
  "version": 7
}
